// !$*UTF8*$!
{
	archiveVersion = 1;
	classes = {
	};
	objectVersion = 46;
	objects = {

/* Begin PBXBuildFile section */
		84C934B71DA79131009EE954 /* AppDelegate.swift in Sources */ = {isa = PBXBuildFile; fileRef = 84C934B61DA79131009EE954 /* AppDelegate.swift */; };
		84C934B91DA79131009EE954 /* ViewController.swift in Sources */ = {isa = PBXBuildFile; fileRef = 84C934B81DA79131009EE954 /* ViewController.swift */; };
		84C934BC1DA79131009EE954 /* Main.storyboard in Resources */ = {isa = PBXBuildFile; fileRef = 84C934BA1DA79131009EE954 /* Main.storyboard */; };
		84C934BE1DA79131009EE954 /* Assets.xcassets in Resources */ = {isa = PBXBuildFile; fileRef = 84C934BD1DA79131009EE954 /* Assets.xcassets */; };
		84C934C11DA79131009EE954 /* LaunchScreen.storyboard in Resources */ = {isa = PBXBuildFile; fileRef = 84C934BF1DA79131009EE954 /* LaunchScreen.storyboard */; };
		84C934C91DA798D7009EE954 /* AlgorithmViewController.swift in Sources */ = {isa = PBXBuildFile; fileRef = 84C934C81DA798D7009EE954 /* AlgorithmViewController.swift */; };
/* End PBXBuildFile section */

/* Begin PBXFileReference section */
		84C934B31DA79131009EE954 /* AlgoPlay.app */ = {isa = PBXFileReference; explicitFileType = wrapper.application; includeInIndex = 0; path = AlgoPlay.app; sourceTree = BUILT_PRODUCTS_DIR; };
		84C934B61DA79131009EE954 /* AppDelegate.swift */ = {isa = PBXFileReference; lastKnownFileType = sourcecode.swift; path = AppDelegate.swift; sourceTree = "<group>"; };
		84C934B81DA79131009EE954 /* ViewController.swift */ = {isa = PBXFileReference; lastKnownFileType = sourcecode.swift; path = ViewController.swift; sourceTree = "<group>"; };
		84C934BB1DA79131009EE954 /* Base */ = {isa = PBXFileReference; lastKnownFileType = file.storyboard; name = Base; path = Base.lproj/Main.storyboard; sourceTree = "<group>"; };
		84C934BD1DA79131009EE954 /* Assets.xcassets */ = {isa = PBXFileReference; lastKnownFileType = folder.assetcatalog; path = Assets.xcassets; sourceTree = "<group>"; };
		84C934C01DA79131009EE954 /* Base */ = {isa = PBXFileReference; lastKnownFileType = file.storyboard; name = Base; path = Base.lproj/LaunchScreen.storyboard; sourceTree = "<group>"; };
		84C934C21DA79131009EE954 /* Info.plist */ = {isa = PBXFileReference; lastKnownFileType = text.plist.xml; path = Info.plist; sourceTree = "<group>"; };
		84C934C81DA798D7009EE954 /* AlgorithmViewController.swift */ = {isa = PBXFileReference; fileEncoding = 4; lastKnownFileType = sourcecode.swift; path = AlgorithmViewController.swift; sourceTree = "<group>"; };
/* End PBXFileReference section */

/* Begin PBXFrameworksBuildPhase section */
		84C934B01DA79131009EE954 /* Frameworks */ = {
			isa = PBXFrameworksBuildPhase;
			buildActionMask = 2147483647;
			files = (
			);
			runOnlyForDeploymentPostprocessing = 0;
		};
/* End PBXFrameworksBuildPhase section */

/* Begin PBXGroup section */
		84C934AA1DA79131009EE954 = {
			isa = PBXGroup;
			children = (
				84C934B51DA79131009EE954 /* AlgoPlay */,
				84C934B41DA79131009EE954 /* Products */,
			);
			sourceTree = "<group>";
		};
		84C934B41DA79131009EE954 /* Products */ = {
			isa = PBXGroup;
			children = (
				84C934B31DA79131009EE954 /* AlgoPlay.app */,
			);
			name = Products;
			sourceTree = "<group>";
		};
		84C934B51DA79131009EE954 /* AlgoPlay */ = {
			isa = PBXGroup;
			children = (
				84C934B61DA79131009EE954 /* AppDelegate.swift */,
				84C934B81DA79131009EE954 /* ViewController.swift */,
				84C934C81DA798D7009EE954 /* AlgorithmViewController.swift */,
				84C934BA1DA79131009EE954 /* Main.storyboard */,
				84C934BD1DA79131009EE954 /* Assets.xcassets */,
				84C934BF1DA79131009EE954 /* LaunchScreen.storyboard */,
				84C934C21DA79131009EE954 /* Info.plist */,
			);
			path = AlgoPlay;
			sourceTree = "<group>";
		};
/* End PBXGroup section */

/* Begin PBXNativeTarget section */
		84C934B21DA79131009EE954 /* AlgoPlay */ = {
			isa = PBXNativeTarget;
			buildConfigurationList = 84C934C51DA79131009EE954 /* Build configuration list for PBXNativeTarget "AlgoPlay" */;
			buildPhases = (
				84C934AF1DA79131009EE954 /* Sources */,
				84C934B01DA79131009EE954 /* Frameworks */,
				84C934B11DA79131009EE954 /* Resources */,
			);
			buildRules = (
			);
			dependencies = (
			);
			name = AlgoPlay;
			productName = AlgoPlay;
			productReference = 84C934B31DA79131009EE954 /* AlgoPlay.app */;
			productType = "com.apple.product-type.application";
		};
/* End PBXNativeTarget section */

/* Begin PBXProject section */
		84C934AB1DA79131009EE954 /* Project object */ = {
			isa = PBXProject;
			attributes = {
				LastSwiftUpdateCheck = 0720;
				LastUpgradeCheck = 0720;
				ORGANIZATIONNAME = Vanoproduction;
				TargetAttributes = {
					84C934B21DA79131009EE954 = {
						CreatedOnToolsVersion = 7.2.1;
					};
				};
			};
			buildConfigurationList = 84C934AE1DA79131009EE954 /* Build configuration list for PBXProject "AlgoPlay" */;
			compatibilityVersion = "Xcode 3.2";
			developmentRegion = English;
			hasScannedForEncodings = 0;
			knownRegions = (
				en,
				Base,
			);
			mainGroup = 84C934AA1DA79131009EE954;
			productRefGroup = 84C934B41DA79131009EE954 /* Products */;
			projectDirPath = "";
			projectRoot = "";
			targets = (
				84C934B21DA79131009EE954 /* AlgoPlay */,
			);
		};
/* End PBXProject section */

/* Begin PBXResourcesBuildPhase section */
		84C934B11DA79131009EE954 /* Resources */ = {
			isa = PBXResourcesBuildPhase;
			buildActionMask = 2147483647;
			files = (
				84C934C11DA79131009EE954 /* LaunchScreen.storyboard in Resources */,
				84C934BE1DA79131009EE954 /* Assets.xcassets in Resources */,
				84C934BC1DA79131009EE954 /* Main.storyboard in Resources */,
			);
			runOnlyForDeploymentPostprocessing = 0;
		};
/* End PBXResourcesBuildPhase section */

/* Begin PBXSourcesBuildPhase section */
		84C934AF1DA79131009EE954 /* Sources */ = {
			isa = PBXSourcesBuildPhase;
			buildActionMask = 2147483647;
			files = (
				84C934B91DA79131009EE954 /* ViewController.swift in Sources */,
				84C934C91DA798D7009EE954 /* AlgorithmViewController.swift in Sources */,
				84C934B71DA79131009EE954 /* AppDelegate.swift in Sources */,
			);
			runOnlyForDeploymentPostprocessing = 0;
		};
/* End PBXSourcesBuildPhase section */

/* Begin PBXVariantGroup section */
		84C934BA1DA79131009EE954 /* Main.storyboard */ = {
			isa = PBXVariantGroup;
			children = (
				84C934BB1DA79131009EE954 /* Base */,
			);
			name = Main.storyboard;
			sourceTree = "<group>";
		};
		84C934BF1DA79131009EE954 /* LaunchScreen.storyboard */ = {
			isa = PBXVariantGroup;
			children = (
				84C934C01DA79131009EE954 /* Base */,
			);
			name = LaunchScreen.storyboard;
			sourceTree = "<group>";
		};
/* End PBXVariantGroup section */

/* Begin XCBuildConfiguration section */
		84C934C31DA79131009EE954 /* Debug */ = {
			isa = XCBuildConfiguration;
			buildSettings = {
				ALWAYS_SEARCH_USER_PATHS = NO;
				CLANG_CXX_LANGUAGE_STANDARD = "gnu++0x";
				CLANG_CXX_LIBRARY = "libc++";
				CLANG_ENABLE_MODULES = YES;
				CLANG_ENABLE_OBJC_ARC = YES;
				CLANG_WARN_BOOL_CONVERSION = YES;
				CLANG_WARN_CONSTANT_CONVERSION = YES;
				CLANG_WARN_DIRECT_OBJC_ISA_USAGE = YES_ERROR;
				CLANG_WARN_EMPTY_BODY = YES;
				CLANG_WARN_ENUM_CONVERSION = YES;
				CLANG_WARN_INT_CONVERSION = YES;
				CLANG_WARN_OBJC_ROOT_CLASS = YES_ERROR;
				CLANG_WARN_UNREACHABLE_CODE = YES;
				CLANG_WARN__DUPLICATE_METHOD_MATCH = YES;
				"CODE_SIGN_IDENTITY[sdk=iphoneos*]" = "iPhone Developer";
				COPY_PHASE_STRIP = NO;
				DEBUG_INFORMATION_FORMAT = dwarf;
				ENABLE_STRICT_OBJC_MSGSEND = YES;
				ENABLE_TESTABILITY = YES;
				GCC_C_LANGUAGE_STANDARD = gnu99;
				GCC_DYNAMIC_NO_PIC = NO;
				GCC_NO_COMMON_BLOCKS = YES;
				GCC_OPTIMIZATION_LEVEL = 0;
				GCC_PREPROCESSOR_DEFINITIONS = (
					"DEBUG=1",
					"$(inherited)",
				);
				GCC_WARN_64_TO_32_BIT_CONVERSION = YES;
				GCC_WARN_ABOUT_RETURN_TYPE = YES_ERROR;
				GCC_WARN_UNDECLARED_SELECTOR = YES;
				GCC_WARN_UNINITIALIZED_AUTOS = YES_AGGRESSIVE;
				GCC_WARN_UNUSED_FUNCTION = YES;
				GCC_WARN_UNUSED_VARIABLE = YES;
				IPHONEOS_DEPLOYMENT_TARGET = 8.0;
				MTL_ENABLE_DEBUG_INFO = YES;
				ONLY_ACTIVE_ARCH = YES;
				SDKROOT = iphoneos;
				SWIFT_OPTIMIZATION_LEVEL = "-Onone";
				TARGETED_DEVICE_FAMILY = "1,2";
			};
			name = Debug;
		};
		84C934C41DA79131009EE954 /* Release */ = {
			isa = XCBuildConfiguration;
			buildSettings = {
				ALWAYS_SEARCH_USER_PATHS = NO;
				CLANG_CXX_LANGUAGE_STANDARD = "gnu++0x";
				CLANG_CXX_LIBRARY = "libc++";
				CLANG_ENABLE_MODULES = YES;
				CLANG_ENABLE_OBJC_ARC = YES;
				CLANG_WARN_BOOL_CONVERSION = YES;
				CLANG_WARN_CONSTANT_CONVERSION = YES;
				CLANG_WARN_DIRECT_OBJC_ISA_USAGE = YES_ERROR;
				CLANG_WARN_EMPTY_BODY = YES;
				CLANG_WARN_ENUM_CONVERSION = YES;
				CLANG_WARN_INT_CONVERSION = YES;
				CLANG_WARN_OBJC_ROOT_CLASS = YES_ERROR;
				CLANG_WARN_UNREACHABLE_CODE = YES;
				CLANG_WARN__DUPLICATE_METHOD_MATCH = YES;
				"CODE_SIGN_IDENTITY[sdk=iphoneos*]" = "iPhone Developer";
				COPY_PHASE_STRIP = NO;
				DEBUG_INFORMATION_FORMAT = "dwarf-with-dsym";
				ENABLE_NS_ASSERTIONS = NO;
				ENABLE_STRICT_OBJC_MSGSEND = YES;
				GCC_C_LANGUAGE_STANDARD = gnu99;
				GCC_NO_COMMON_BLOCKS = YES;
				GCC_WARN_64_TO_32_BIT_CONVERSION = YES;
				GCC_WARN_ABOUT_RETURN_TYPE = YES_ERROR;
				GCC_WARN_UNDECLARED_SELECTOR = YES;
				GCC_WARN_UNINITIALIZED_AUTOS = YES_AGGRESSIVE;
				GCC_WARN_UNUSED_FUNCTION = YES;
				GCC_WARN_UNUSED_VARIABLE = YES;
				IPHONEOS_DEPLOYMENT_TARGET = 8.0;
				MTL_ENABLE_DEBUG_INFO = NO;
				SDKROOT = iphoneos;
				TARGETED_DEVICE_FAMILY = "1,2";
				VALIDATE_PRODUCT = YES;
			};
			name = Release;
		};
		84C934C61DA79131009EE954 /* Debug */ = {
			isa = XCBuildConfiguration;
			buildSettings = {
				ASSETCATALOG_COMPILER_APPICON_NAME = AppIcon;
				INFOPLIST_FILE = AlgoPlay/Info.plist;
				IPHONEOS_DEPLOYMENT_TARGET = 8.0;
				LD_RUNPATH_SEARCH_PATHS = "$(inherited) @executable_path/Frameworks";
				PRODUCT_BUNDLE_IDENTIFIER = com.Vanoproduction.AlgoPlay;
				PRODUCT_NAME = "$(TARGET_NAME)";
			};
			name = Debug;
		};
		84C934C71DA79131009EE954 /* Release */ = {
			isa = XCBuildConfiguration;
			buildSettings = {
				ASSETCATALOG_COMPILER_APPICON_NAME = AppIcon;
				INFOPLIST_FILE = AlgoPlay/Info.plist;
				IPHONEOS_DEPLOYMENT_TARGET = 8.0;
				LD_RUNPATH_SEARCH_PATHS = "$(inherited) @executable_path/Frameworks";
				PRODUCT_BUNDLE_IDENTIFIER = com.Vanoproduction.AlgoPlay;
				PRODUCT_NAME = "$(TARGET_NAME)";
			};
			name = Release;
		};
/* End XCBuildConfiguration section */

/* Begin XCConfigurationList section */
		84C934AE1DA79131009EE954 /* Build configuration list for PBXProject "AlgoPlay" */ = {
			isa = XCConfigurationList;
			buildConfigurations = (
				84C934C31DA79131009EE954 /* Debug */,
				84C934C41DA79131009EE954 /* Release */,
			);
			defaultConfigurationIsVisible = 0;
			defaultConfigurationName = Release;
		};
		84C934C51DA79131009EE954 /* Build configuration list for PBXNativeTarget "AlgoPlay" */ = {
			isa = XCConfigurationList;
			buildConfigurations = (
				84C934C61DA79131009EE954 /* Debug */,
				84C934C71DA79131009EE954 /* Release */,
			);
			defaultConfigurationIsVisible = 0;
		};
/* End XCConfigurationList section */
	};
	rootObject = 84C934AB1DA79131009EE954 /* Project object */;
}
